
Microsoft Visual Studio Solution File, Format Version 12.00
# Visual Studio Version 16
VisualStudioVersion = 16.0.31313.79
MinimumVisualStudioVersion = 10.0.40219.1
Project("{8BC9CEB8-8B4A-11D0-8D11-00A0C91BC942}") = "MemoryManager", "MemoryManager\MemoryManager.vcxproj", "{B08CD063-139C-4A6A-93B1-284AEFCD258A}"
EndProject
Project("{8BC9CEB8-8B4A-11D0-8D11-00A0C91BC942}") = "BigInt", "BigInt\BigInt.vcxproj", "{76731BA9-5CFB-468C-9C44-2B138A73C6D1}"
EndProject
Project("{8BC9CEB8-8B4A-11D0-8D11-00A0C91BC942}") = "SList", "SList\SList.vcxproj", "{6537474E-D843-491A-AAF4-3F5D6EAF85B3}"
EndProject
Project("{8BC9CEB8-8B4A-11D0-8D11-00A0C91BC942}") = "ShirosMemoryManager", "ShirosMemoryManager\ShirosMemoryManager.vcxproj", "{54EE3191-658D-44E2-A2D2-E2FB1B141CF6}"
EndProject
Global
	GlobalSection(SolutionConfigurationPlatforms) = preSolution
		Debug|x64 = Debug|x64
		Debug|x86 = Debug|x86
		Release|x64 = Release|x64
		Release|x86 = Release|x86
	EndGlobalSection
	GlobalSection(ProjectConfigurationPlatforms) = postSolution
		{B08CD063-139C-4A6A-93B1-284AEFCD258A}.Debug|x64.ActiveCfg = Debug|x64
		{B08CD063-139C-4A6A-93B1-284AEFCD258A}.Debug|x64.Build.0 = Debug|x64
		{B08CD063-139C-4A6A-93B1-284AEFCD258A}.Debug|x86.ActiveCfg = Debug|Win32
		{B08CD063-139C-4A6A-93B1-284AEFCD258A}.Debug|x86.Build.0 = Debug|Win32
		{B08CD063-139C-4A6A-93B1-284AEFCD258A}.Release|x64.ActiveCfg = Release|x64
		{B08CD063-139C-4A6A-93B1-284AEFCD258A}.Release|x64.Build.0 = Release|x64
		{B08CD063-139C-4A6A-93B1-284AEFCD258A}.Release|x86.ActiveCfg = Release|Win32
		{B08CD063-139C-4A6A-93B1-284AEFCD258A}.Release|x86.Build.0 = Release|Win32
		{76731BA9-5CFB-468C-9C44-2B138A73C6D1}.Debug|x64.ActiveCfg = Debug|x64
		{76731BA9-5CFB-468C-9C44-2B138A73C6D1}.Debug|x64.Build.0 = Debug|x64
		{76731BA9-5CFB-468C-9C44-2B138A73C6D1}.Debug|x86.ActiveCfg = Debug|Win32
		{76731BA9-5CFB-468C-9C44-2B138A73C6D1}.Debug|x86.Build.0 = Debug|Win32
		{76731BA9-5CFB-468C-9C44-2B138A73C6D1}.Release|x64.ActiveCfg = Release|x64
		{76731BA9-5CFB-468C-9C44-2B138A73C6D1}.Release|x64.Build.0 = Release|x64
		{76731BA9-5CFB-468C-9C44-2B138A73C6D1}.Release|x86.ActiveCfg = Release|Win32
		{76731BA9-5CFB-468C-9C44-2B138A73C6D1}.Release|x86.Build.0 = Release|Win32
		{6537474E-D843-491A-AAF4-3F5D6EAF85B3}.Debug|x64.ActiveCfg = Debug|x64
		{6537474E-D843-491A-AAF4-3F5D6EAF85B3}.Debug|x64.Build.0 = Debug|x64
		{6537474E-D843-491A-AAF4-3F5D6EAF85B3}.Debug|x86.ActiveCfg = Debug|Win32
		{6537474E-D843-491A-AAF4-3F5D6EAF85B3}.Debug|x86.Build.0 = Debug|Win32
		{6537474E-D843-491A-AAF4-3F5D6EAF85B3}.Release|x64.ActiveCfg = Release|x64
		{6537474E-D843-491A-AAF4-3F5D6EAF85B3}.Release|x64.Build.0 = Release|x64
		{6537474E-D843-491A-AAF4-3F5D6EAF85B3}.Release|x86.ActiveCfg = Release|Win32
		{6537474E-D843-491A-AAF4-3F5D6EAF85B3}.Release|x86.Build.0 = Release|Win32
		{54EE3191-658D-44E2-A2D2-E2FB1B141CF6}.Debug|x64.ActiveCfg = Debug|x64
		{54EE3191-658D-44E2-A2D2-E2FB1B141CF6}.Debug|x64.Build.0 = Debug|x64
		{54EE3191-658D-44E2-A2D2-E2FB1B141CF6}.Debug|x86.ActiveCfg = Debug|Win32
		{54EE3191-658D-44E2-A2D2-E2FB1B141CF6}.Debug|x86.Build.0 = Debug|Win32
		{54EE3191-658D-44E2-A2D2-E2FB1B141CF6}.Release|x64.ActiveCfg = Release|x64
		{54EE3191-658D-44E2-A2D2-E2FB1B141CF6}.Release|x64.Build.0 = Release|x64
		{54EE3191-658D-44E2-A2D2-E2FB1B141CF6}.Release|x86.ActiveCfg = Release|Win32
		{54EE3191-658D-44E2-A2D2-E2FB1B141CF6}.Release|x86.Build.0 = Release|Win32
	EndGlobalSection
	GlobalSection(SolutionProperties) = preSolution
		HideSolutionNode = FALSE
	EndGlobalSection
	GlobalSection(ExtensibilityGlobals) = postSolution
		SolutionGuid = {3830DA89-CF0E-4D6D-887F-304E11B03BE1}
	EndGlobalSection
EndGlobal
